
Microsoft Visual Studio Solution File, Format Version 12.00
# Visual Studio 15
VisualStudioVersion = 15.0.28307.1267
MinimumVisualStudioVersion = 10.0.40219.1
Project("{FAE04EC0-301F-11D3-BF4B-00C04F79EFBC}") = "ServerConfigRest_2016009_MuhammadArrasyJI", "ServerConfigRest_2016009_MuhammadArrasyJI\ServerConfigRest_2016009_MuhammadArrasyJI.csproj", "{7DD2DFCA-730B-4565-9511-B669528A8848}"
EndProject
Global
	GlobalSection(SolutionConfigurationPlatforms) = preSolution
		Debug|Any CPU = Debug|Any CPU
		Release|Any CPU = Release|Any CPU
	EndGlobalSection
	GlobalSection(ProjectConfigurationPlatforms) = postSolution
		{7DD2DFCA-730B-4565-9511-B669528A8848}.Debug|Any CPU.ActiveCfg = Debug|Any CPU
		{7DD2DFCA-730B-4565-9511-B669528A8848}.Debug|Any CPU.Build.0 = Debug|Any CPU
		{7DD2DFCA-730B-4565-9511-B669528A8848}.Release|Any CPU.ActiveCfg = Release|Any CPU
		{7DD2DFCA-730B-4565-9511-B669528A8848}.Release|Any CPU.Build.0 = Release|Any CPU
	EndGlobalSection
	GlobalSection(SolutionProperties) = preSolution
		HideSolutionNode = FALSE
	EndGlobalSection
	GlobalSection(ExtensibilityGlobals) = postSolution
		SolutionGuid = {7473028B-B088-47AC-BD9C-2A20975FBF7E}
	EndGlobalSection
EndGlobal
